
Microsoft Visual Studio Solution File, Format Version 12.00
# Visual Studio Version 16
VisualStudioVersion = 25.0.1704.2
MinimumVisualStudioVersion = 10.0.40219.1
Project("{FAE04EC0-301F-11D3-BF4B-00C04F79EFBC}") = "TestConsole", "TestConsole.csproj", "{D0156587-D1D3-4629-B864-ED1557C846B1}"
EndProject
Global
	GlobalSection(SolutionConfigurationPlatforms) = preSolution
		Debug|Any CPU = Debug|Any CPU
		Release|Any CPU = Release|Any CPU
	EndGlobalSection
	GlobalSection(ProjectConfigurationPlatforms) = postSolution
		{D0156587-D1D3-4629-B864-ED1557C846B1}.Debug|Any CPU.ActiveCfg = Debug|Any CPU
		{D0156587-D1D3-4629-B864-ED1557C846B1}.Debug|Any CPU.Build.0 = Debug|Any CPU
		{D0156587-D1D3-4629-B864-ED1557C846B1}.Release|Any CPU.ActiveCfg = Release|Any CPU
		{D0156587-D1D3-4629-B864-ED1557C846B1}.Release|Any CPU.Build.0 = Release|Any CPU
	EndGlobalSection
	GlobalSection(SolutionProperties) = preSolution
		HideSolutionNode = FALSE
	EndGlobalSection
	GlobalSection(ExtensibilityGlobals) = postSolution
		SolutionGuid = {4AC453A7-7994-4C39-A9EC-CA9556D7D751}
	EndGlobalSection
EndGlobal
